
Microsoft Visual Studio Solution File, Format Version 12.00
# Visual Studio Version 17
VisualStudioVersion = 17.8.34316.72
MinimumVisualStudioVersion = 10.0.40219.1
Project("{FAE04EC0-301F-11D3-BF4B-00C04F79EFBC}") = "NetHTF.Testing.Core", "NetHTF.Testing.Core\NetHTF.Testing.Core.csproj", "{9318D789-4A61-4C51-88F9-1D31990F435A}"
EndProject
Project("{2150E333-8FDC-42A3-9474-1A3956D46DE8}") = "src", "src", "{5DAF9862-2412-4528-B7CF-0A5F0EA68F4B}"
EndProject
Project("{2150E333-8FDC-42A3-9474-1A3956D46DE8}") = "Testing", "Testing", "{34A27FB0-4081-439C-B02F-5E6D217B31D3}"
EndProject
Global
	GlobalSection(SolutionConfigurationPlatforms) = preSolution
		Debug|Any CPU = Debug|Any CPU
		Release|Any CPU = Release|Any CPU
	EndGlobalSection
	GlobalSection(ProjectConfigurationPlatforms) = postSolution
		{9318D789-4A61-4C51-88F9-1D31990F435A}.Debug|Any CPU.ActiveCfg = Debug|Any CPU
		{9318D789-4A61-4C51-88F9-1D31990F435A}.Debug|Any CPU.Build.0 = Debug|Any CPU
		{9318D789-4A61-4C51-88F9-1D31990F435A}.Release|Any CPU.ActiveCfg = Release|Any CPU
		{9318D789-4A61-4C51-88F9-1D31990F435A}.Release|Any CPU.Build.0 = Release|Any CPU
	EndGlobalSection
	GlobalSection(SolutionProperties) = preSolution
		HideSolutionNode = FALSE
	EndGlobalSection
	GlobalSection(NestedProjects) = preSolution
		{9318D789-4A61-4C51-88F9-1D31990F435A} = {34A27FB0-4081-439C-B02F-5E6D217B31D3}
		{34A27FB0-4081-439C-B02F-5E6D217B31D3} = {5DAF9862-2412-4528-B7CF-0A5F0EA68F4B}
	EndGlobalSection
	GlobalSection(ExtensibilityGlobals) = postSolution
		SolutionGuid = {30246772-3C7D-429C-85CA-DBE45A9E8700}
	EndGlobalSection
EndGlobal
