
Microsoft Visual Studio Solution File, Format Version 12.00
# Visual Studio Version 17
VisualStudioVersion = 17.4.33205.214
MinimumVisualStudioVersion = 10.0.40219.1
Project("{2150E333-8FDC-42A3-9474-1A3956D46DE8}") = "src", "src", "{6D761AC9-D5B6-45A6-AB67-F03B9232074C}"
EndProject
Project("{2150E333-8FDC-42A3-9474-1A3956D46DE8}") = "samples", "samples", "{A38AB677-8B16-4382-8233-1528F3C37E92}"
EndProject
Project("{9A19103F-16F7-4668-BE54-9A1E7A4F7556}") = "SampleConsole", "samples\SampleConsole\SampleConsole.csproj", "{695DB6DE-BDB2-464B-A3F1-F047B421349E}"
EndProject
Project("{9A19103F-16F7-4668-BE54-9A1E7A4F7556}") = "NetHTF", "src\NetHTF\NetHTF.csproj", "{5C7F2653-883D-4A18-BCF4-C4788A58E809}"
EndProject
Project("{9A19103F-16F7-4668-BE54-9A1E7A4F7556}") = "Sample.Common", "samples\Sample.Common\Sample.Common.csproj", "{98C4E0D3-E5FD-41A0-970A-AA2E2B73FB2C}"
EndProject
Project("{2150E333-8FDC-42A3-9474-1A3956D46DE8}") = "tools", "tools", "{1041CF36-1D6B-4CB6-B736-8A7A4DEDD043}"
EndProject
Project("{9A19103F-16F7-4668-BE54-9A1E7A4F7556}") = "WpfAppDiagramEntity", "tools\WpfAppDiagramEntity\WpfAppDiagramEntity.csproj", "{698EACF5-4916-45D3-90D2-D8E924C3E727}"
EndProject
Project("{9A19103F-16F7-4668-BE54-9A1E7A4F7556}") = "DiagramDesigner", "tools\DiagramDesigner\DiagramDesigner.csproj", "{2EFF0AF2-9D7C-4600-A693-217BAA4DFA31}"
EndProject
Project("{2150E333-8FDC-42A3-9474-1A3956D46DE8}") = "Workbench", "Workbench", "{7F2D5F0E-409E-42EC-A17F-8E9F62C6163A}"
EndProject
Project("{2150E333-8FDC-42A3-9474-1A3956D46DE8}") = "Workspace", "Workspace", "{9EA7DABB-E37B-4EA3-B816-0EBA105E14B8}"
EndProject
Project("{2150E333-8FDC-42A3-9474-1A3956D46DE8}") = "Testing", "Testing", "{3F4E046C-3864-4B89-9D95-3345CB477657}"
EndProject
Project("{2150E333-8FDC-42A3-9474-1A3956D46DE8}") = "Hosting", "Hosting", "{F553DF5C-A25E-4153-B9BB-D82CB6785ABB}"
EndProject
Project("{2150E333-8FDC-42A3-9474-1A3956D46DE8}") = "Instruments", "Instruments", "{A76B9B1F-882B-4824-89CC-FCF0D6FC7219}"
EndProject
Project("{FAE04EC0-301F-11D3-BF4B-00C04F79EFBC}") = "Shinus9008.NetHTF.Workspace.Testing.Abstractions", "src\Workspace\Testing\Shinus9008.NetHTF.Workspace.Testing.Abstractions\Shinus9008.NetHTF.Workspace.Testing.Abstractions.csproj", "{D569A3EF-0183-4533-8D77-AFF41664DA30}"
EndProject
Project("{FAE04EC0-301F-11D3-BF4B-00C04F79EFBC}") = "Shinus9008.NetHTF.Workspace.Testing", "src\Workspace\Testing\Shinus9008.NetHTF.Workspace.Testing\Shinus9008.NetHTF.Workspace.Testing.csproj", "{AA46AF70-F75F-4F25-AA81-724E615AAE45}"
EndProject
Project("{2150E333-8FDC-42A3-9474-1A3956D46DE8}") = "Features", "Features", "{21210381-59B4-4E82-B7BF-B01EF66F5769}"
EndProject
Project("{FAE04EC0-301F-11D3-BF4B-00C04F79EFBC}") = "Shinus9008.NetHTF.Workspace.Features", "src\Workspace\Features\Shinus9008.NetHTF.Workspace.Features\Shinus9008.NetHTF.Workspace.Features.csproj", "{4910BE0D-6E20-40F9-8B02-7BC681186CEE}"
EndProject
Project("{FAE04EC0-301F-11D3-BF4B-00C04F79EFBC}") = "Sample.QuickStart1", "samples\Sample.QuickStart1\Sample.QuickStart1.csproj", "{3534073C-D838-462B-ABCD-4BC842DD1CCB}"
EndProject
Project("{FAE04EC0-301F-11D3-BF4B-00C04F79EFBC}") = "Sample.QuickStart2", "samples\Sample.QuickStart2\Sample.QuickStart2.csproj", "{63430369-574B-461D-A33A-102BBD801F59}"
EndProject
Project("{2150E333-8FDC-42A3-9474-1A3956D46DE8}") = "Hardware", "Hardware", "{1C700125-B826-459E-AE88-8AD1306D18B9}"
EndProject
Project("{FAE04EC0-301F-11D3-BF4B-00C04F79EFBC}") = "Shinus9008.NetHTF.Workspace.Hardware.Abstractions", "src\Workspace\Hardware\Shinus9008.NetHTF.Workspace.Hardware.Abstractions\Shinus9008.NetHTF.Workspace.Hardware.Abstractions.csproj", "{8A0C9514-6899-4D0A-9E0E-466A00580EF9}"
EndProject
Project("{FAE04EC0-301F-11D3-BF4B-00C04F79EFBC}") = "Shinus9008.NetHTF.Workspace.Hardware", "src\Workspace\Hardware\Shinus9008.NetHTF.Workspace.Hardware\Shinus9008.NetHTF.Workspace.Hardware.csproj", "{36BBCA5F-CCD1-4F67-A301-6DF800FD2838}"
EndProject
Global
	GlobalSection(SolutionConfigurationPlatforms) = preSolution
		Debug|Any CPU = Debug|Any CPU
		Release|Any CPU = Release|Any CPU
	EndGlobalSection
	GlobalSection(ProjectConfigurationPlatforms) = postSolution
		{695DB6DE-BDB2-464B-A3F1-F047B421349E}.Debug|Any CPU.ActiveCfg = Debug|Any CPU
		{695DB6DE-BDB2-464B-A3F1-F047B421349E}.Debug|Any CPU.Build.0 = Debug|Any CPU
		{695DB6DE-BDB2-464B-A3F1-F047B421349E}.Release|Any CPU.ActiveCfg = Release|Any CPU
		{695DB6DE-BDB2-464B-A3F1-F047B421349E}.Release|Any CPU.Build.0 = Release|Any CPU
		{5C7F2653-883D-4A18-BCF4-C4788A58E809}.Debug|Any CPU.ActiveCfg = Debug|Any CPU
		{5C7F2653-883D-4A18-BCF4-C4788A58E809}.Debug|Any CPU.Build.0 = Debug|Any CPU
		{5C7F2653-883D-4A18-BCF4-C4788A58E809}.Release|Any CPU.ActiveCfg = Release|Any CPU
		{5C7F2653-883D-4A18-BCF4-C4788A58E809}.Release|Any CPU.Build.0 = Release|Any CPU
		{98C4E0D3-E5FD-41A0-970A-AA2E2B73FB2C}.Debug|Any CPU.ActiveCfg = Debug|Any CPU
		{98C4E0D3-E5FD-41A0-970A-AA2E2B73FB2C}.Debug|Any CPU.Build.0 = Debug|Any CPU
		{98C4E0D3-E5FD-41A0-970A-AA2E2B73FB2C}.Release|Any CPU.ActiveCfg = Release|Any CPU
		{98C4E0D3-E5FD-41A0-970A-AA2E2B73FB2C}.Release|Any CPU.Build.0 = Release|Any CPU
		{698EACF5-4916-45D3-90D2-D8E924C3E727}.Debug|Any CPU.ActiveCfg = Debug|Any CPU
		{698EACF5-4916-45D3-90D2-D8E924C3E727}.Debug|Any CPU.Build.0 = Debug|Any CPU
		{698EACF5-4916-45D3-90D2-D8E924C3E727}.Release|Any CPU.ActiveCfg = Release|Any CPU
		{698EACF5-4916-45D3-90D2-D8E924C3E727}.Release|Any CPU.Build.0 = Release|Any CPU
		{2EFF0AF2-9D7C-4600-A693-217BAA4DFA31}.Debug|Any CPU.ActiveCfg = Debug|Any CPU
		{2EFF0AF2-9D7C-4600-A693-217BAA4DFA31}.Debug|Any CPU.Build.0 = Debug|Any CPU
		{2EFF0AF2-9D7C-4600-A693-217BAA4DFA31}.Release|Any CPU.ActiveCfg = Release|Any CPU
		{2EFF0AF2-9D7C-4600-A693-217BAA4DFA31}.Release|Any CPU.Build.0 = Release|Any CPU
		{D569A3EF-0183-4533-8D77-AFF41664DA30}.Debug|Any CPU.ActiveCfg = Debug|Any CPU
		{D569A3EF-0183-4533-8D77-AFF41664DA30}.Debug|Any CPU.Build.0 = Debug|Any CPU
		{D569A3EF-0183-4533-8D77-AFF41664DA30}.Release|Any CPU.ActiveCfg = Release|Any CPU
		{D569A3EF-0183-4533-8D77-AFF41664DA30}.Release|Any CPU.Build.0 = Release|Any CPU
		{AA46AF70-F75F-4F25-AA81-724E615AAE45}.Debug|Any CPU.ActiveCfg = Debug|Any CPU
		{AA46AF70-F75F-4F25-AA81-724E615AAE45}.Debug|Any CPU.Build.0 = Debug|Any CPU
		{AA46AF70-F75F-4F25-AA81-724E615AAE45}.Release|Any CPU.ActiveCfg = Release|Any CPU
		{AA46AF70-F75F-4F25-AA81-724E615AAE45}.Release|Any CPU.Build.0 = Release|Any CPU
		{4910BE0D-6E20-40F9-8B02-7BC681186CEE}.Debug|Any CPU.ActiveCfg = Debug|Any CPU
		{4910BE0D-6E20-40F9-8B02-7BC681186CEE}.Debug|Any CPU.Build.0 = Debug|Any CPU
		{4910BE0D-6E20-40F9-8B02-7BC681186CEE}.Release|Any CPU.ActiveCfg = Release|Any CPU
		{4910BE0D-6E20-40F9-8B02-7BC681186CEE}.Release|Any CPU.Build.0 = Release|Any CPU
		{3534073C-D838-462B-ABCD-4BC842DD1CCB}.Debug|Any CPU.ActiveCfg = Debug|Any CPU
		{3534073C-D838-462B-ABCD-4BC842DD1CCB}.Debug|Any CPU.Build.0 = Debug|Any CPU
		{3534073C-D838-462B-ABCD-4BC842DD1CCB}.Release|Any CPU.ActiveCfg = Release|Any CPU
		{3534073C-D838-462B-ABCD-4BC842DD1CCB}.Release|Any CPU.Build.0 = Release|Any CPU
		{63430369-574B-461D-A33A-102BBD801F59}.Debug|Any CPU.ActiveCfg = Debug|Any CPU
		{63430369-574B-461D-A33A-102BBD801F59}.Debug|Any CPU.Build.0 = Debug|Any CPU
		{63430369-574B-461D-A33A-102BBD801F59}.Release|Any CPU.ActiveCfg = Release|Any CPU
		{63430369-574B-461D-A33A-102BBD801F59}.Release|Any CPU.Build.0 = Release|Any CPU
		{8A0C9514-6899-4D0A-9E0E-466A00580EF9}.Debug|Any CPU.ActiveCfg = Debug|Any CPU
		{8A0C9514-6899-4D0A-9E0E-466A00580EF9}.Debug|Any CPU.Build.0 = Debug|Any CPU
		{8A0C9514-6899-4D0A-9E0E-466A00580EF9}.Release|Any CPU.ActiveCfg = Release|Any CPU
		{8A0C9514-6899-4D0A-9E0E-466A00580EF9}.Release|Any CPU.Build.0 = Release|Any CPU
		{36BBCA5F-CCD1-4F67-A301-6DF800FD2838}.Debug|Any CPU.ActiveCfg = Debug|Any CPU
		{36BBCA5F-CCD1-4F67-A301-6DF800FD2838}.Debug|Any CPU.Build.0 = Debug|Any CPU
		{36BBCA5F-CCD1-4F67-A301-6DF800FD2838}.Release|Any CPU.ActiveCfg = Release|Any CPU
		{36BBCA5F-CCD1-4F67-A301-6DF800FD2838}.Release|Any CPU.Build.0 = Release|Any CPU
	EndGlobalSection
	GlobalSection(SolutionProperties) = preSolution
		HideSolutionNode = FALSE
	EndGlobalSection
	GlobalSection(NestedProjects) = preSolution
		{695DB6DE-BDB2-464B-A3F1-F047B421349E} = {A38AB677-8B16-4382-8233-1528F3C37E92}
		{5C7F2653-883D-4A18-BCF4-C4788A58E809} = {6D761AC9-D5B6-45A6-AB67-F03B9232074C}
		{98C4E0D3-E5FD-41A0-970A-AA2E2B73FB2C} = {A38AB677-8B16-4382-8233-1528F3C37E92}
		{698EACF5-4916-45D3-90D2-D8E924C3E727} = {1041CF36-1D6B-4CB6-B736-8A7A4DEDD043}
		{2EFF0AF2-9D7C-4600-A693-217BAA4DFA31} = {1041CF36-1D6B-4CB6-B736-8A7A4DEDD043}
		{7F2D5F0E-409E-42EC-A17F-8E9F62C6163A} = {6D761AC9-D5B6-45A6-AB67-F03B9232074C}
		{9EA7DABB-E37B-4EA3-B816-0EBA105E14B8} = {6D761AC9-D5B6-45A6-AB67-F03B9232074C}
		{3F4E046C-3864-4B89-9D95-3345CB477657} = {9EA7DABB-E37B-4EA3-B816-0EBA105E14B8}
		{F553DF5C-A25E-4153-B9BB-D82CB6785ABB} = {9EA7DABB-E37B-4EA3-B816-0EBA105E14B8}
		{A76B9B1F-882B-4824-89CC-FCF0D6FC7219} = {6D761AC9-D5B6-45A6-AB67-F03B9232074C}
		{D569A3EF-0183-4533-8D77-AFF41664DA30} = {3F4E046C-3864-4B89-9D95-3345CB477657}
		{AA46AF70-F75F-4F25-AA81-724E615AAE45} = {3F4E046C-3864-4B89-9D95-3345CB477657}
		{21210381-59B4-4E82-B7BF-B01EF66F5769} = {9EA7DABB-E37B-4EA3-B816-0EBA105E14B8}
		{4910BE0D-6E20-40F9-8B02-7BC681186CEE} = {21210381-59B4-4E82-B7BF-B01EF66F5769}
		{3534073C-D838-462B-ABCD-4BC842DD1CCB} = {A38AB677-8B16-4382-8233-1528F3C37E92}
		{63430369-574B-461D-A33A-102BBD801F59} = {A38AB677-8B16-4382-8233-1528F3C37E92}
		{1C700125-B826-459E-AE88-8AD1306D18B9} = {9EA7DABB-E37B-4EA3-B816-0EBA105E14B8}
		{8A0C9514-6899-4D0A-9E0E-466A00580EF9} = {1C700125-B826-459E-AE88-8AD1306D18B9}
		{36BBCA5F-CCD1-4F67-A301-6DF800FD2838} = {1C700125-B826-459E-AE88-8AD1306D18B9}
	EndGlobalSection
	GlobalSection(ExtensibilityGlobals) = postSolution
		SolutionGuid = {FEAC1A8E-04C7-4704-9EB6-3CB0041B789A}
	EndGlobalSection
EndGlobal
